
Microsoft Visual Studio Solution File, Format Version 12.00
# Visual Studio 14
VisualStudioVersion = 14.0.25420.1
MinimumVisualStudioVersion = 10.0.40219.1
Project("{FAE04EC0-301F-11D3-BF4B-00C04F79EFBC}") = "ProductAPI", "ProductAPI\ProductAPI.csproj", "{52CE5C56-5910-4B22-AA37-064BA11717BC}"
EndProject
Project("{FAE04EC0-301F-11D3-BF4B-00C04F79EFBC}") = "AngularJsClient", "AngularJsClient\AngularJsClient.csproj", "{04610F9A-D21B-4AFF-9A4C-0E19A8C964D2}"
EndProject
Global
	GlobalSection(SolutionConfigurationPlatforms) = preSolution
		Debug|Any CPU = Debug|Any CPU
		Release|Any CPU = Release|Any CPU
	EndGlobalSection
	GlobalSection(ProjectConfigurationPlatforms) = postSolution
		{52CE5C56-5910-4B22-AA37-064BA11717BC}.Debug|Any CPU.ActiveCfg = Debug|Any CPU
		{52CE5C56-5910-4B22-AA37-064BA11717BC}.Debug|Any CPU.Build.0 = Debug|Any CPU
		{52CE5C56-5910-4B22-AA37-064BA11717BC}.Release|Any CPU.ActiveCfg = Release|Any CPU
		{52CE5C56-5910-4B22-AA37-064BA11717BC}.Release|Any CPU.Build.0 = Release|Any CPU
		{04610F9A-D21B-4AFF-9A4C-0E19A8C964D2}.Debug|Any CPU.ActiveCfg = Debug|Any CPU
		{04610F9A-D21B-4AFF-9A4C-0E19A8C964D2}.Debug|Any CPU.Build.0 = Debug|Any CPU
		{04610F9A-D21B-4AFF-9A4C-0E19A8C964D2}.Release|Any CPU.ActiveCfg = Release|Any CPU
		{04610F9A-D21B-4AFF-9A4C-0E19A8C964D2}.Release|Any CPU.Build.0 = Release|Any CPU
	EndGlobalSection
	GlobalSection(SolutionProperties) = preSolution
		HideSolutionNode = FALSE
	EndGlobalSection
EndGlobal
